Microsoft Visual Studio Solution File, Format Version 12.00
# Visual Studio Version 17
VisualStudioVersion = 17.5.2.0
MinimumVisualStudioVersion = 10.0.40219.1
Project("{2150E333-8FDC-42A3-9474-1A3956D46DE8}") = "add-on1", "add-on1", "{899D6216-2721-59FC-3EC3-69A588E708C3}"
EndProject
Project("{FAE04EC0-301F-11D3-BF4B-00C04F79EFBC}") = "LapUpdater", "add-on1\LapUpdater.csproj", "{980321E8-B978-E40C-E370-101F331F20E1}"
EndProject
Global
	GlobalSection(SolutionConfigurationPlatforms) = preSolution
		Debug|Any CPU = Debug|Any CPU
		Release|Any CPU = Release|Any CPU
	EndGlobalSection
	GlobalSection(ProjectConfigurationPlatforms) = postSolution
		{980321E8-B978-E40C-E370-101F331F20E1}.Debug|Any CPU.ActiveCfg = Debug|Any CPU
		{980321E8-B978-E40C-E370-101F331F20E1}.Debug|Any CPU.Build.0 = Debug|Any CPU
		{980321E8-B978-E40C-E370-101F331F20E1}.Release|Any CPU.ActiveCfg = Release|Any CPU
		{980321E8-B978-E40C-E370-101F331F20E1}.Release|Any CPU.Build.0 = Release|Any CPU
	EndGlobalSection
	GlobalSection(SolutionProperties) = preSolution
		HideSolutionNode = FALSE
	EndGlobalSection
	GlobalSection(NestedProjects) = preSolution
		{980321E8-B978-E40C-E370-101F331F20E1} = {899D6216-2721-59FC-3EC3-69A588E708C3}
	EndGlobalSection
	GlobalSection(ExtensibilityGlobals) = postSolution
		SolutionGuid = {023FB340-6B74-4C9A-A39E-1A281341D415}
	EndGlobalSection
EndGlobal
